
Microsoft Visual Studio Solution File, Format Version 12.00
# Visual Studio 14
VisualStudioVersion = 14.0.24720.0
MinimumVisualStudioVersion = 10.0.40219.1
Project("{FAE04EC0-301F-11D3-BF4B-00C04F79EFBC}") = "School", "School\School.csproj", "{C134970F-07D8-4833-AB56-F5F7AA0BAF58}"
EndProject
Project("{FAE04EC0-301F-11D3-BF4B-00C04F79EFBC}") = "BinaryTree", "BinaryTree\BinaryTree.csproj", "{8D08E0F2-725A-4857-AC90-C631DB9143B1}"
EndProject
Project("{FAE04EC0-301F-11D3-BF4B-00C04F79EFBC}") = "Chess", "Chess\Chess.csproj", "{9DEF43BB-BFE3-46AB-BE9E-E2A092243D7E}"
EndProject
Project("{FAE04EC0-301F-11D3-BF4B-00C04F79EFBC}") = "ItemsInStore", "ItemsInStore\ItemsInStore.csproj", "{028403CF-062B-4344-A40E-1C7767139264}"
EndProject
Global
	GlobalSection(SolutionConfigurationPlatforms) = preSolution
		Debug|Any CPU = Debug|Any CPU
		Debug|x64 = Debug|x64
		Debug|x86 = Debug|x86
		Release|Any CPU = Release|Any CPU
		Release|x64 = Release|x64
		Release|x86 = Release|x86
	EndGlobalSection
	GlobalSection(ProjectConfigurationPlatforms) = postSolution
		{C134970F-07D8-4833-AB56-F5F7AA0BAF58}.Debug|Any CPU.ActiveCfg = Debug|Any CPU
		{C134970F-07D8-4833-AB56-F5F7AA0BAF58}.Debug|Any CPU.Build.0 = Debug|Any CPU
		{C134970F-07D8-4833-AB56-F5F7AA0BAF58}.Debug|x64.ActiveCfg = Debug|Any CPU
		{C134970F-07D8-4833-AB56-F5F7AA0BAF58}.Debug|x64.Build.0 = Debug|Any CPU
		{C134970F-07D8-4833-AB56-F5F7AA0BAF58}.Debug|x86.ActiveCfg = Debug|Any CPU
		{C134970F-07D8-4833-AB56-F5F7AA0BAF58}.Debug|x86.Build.0 = Debug|Any CPU
		{C134970F-07D8-4833-AB56-F5F7AA0BAF58}.Release|Any CPU.ActiveCfg = Release|Any CPU
		{C134970F-07D8-4833-AB56-F5F7AA0BAF58}.Release|Any CPU.Build.0 = Release|Any CPU
		{C134970F-07D8-4833-AB56-F5F7AA0BAF58}.Release|x64.ActiveCfg = Release|Any CPU
		{C134970F-07D8-4833-AB56-F5F7AA0BAF58}.Release|x64.Build.0 = Release|Any CPU
		{C134970F-07D8-4833-AB56-F5F7AA0BAF58}.Release|x86.ActiveCfg = Release|Any CPU
		{C134970F-07D8-4833-AB56-F5F7AA0BAF58}.Release|x86.Build.0 = Release|Any CPU
		{8D08E0F2-725A-4857-AC90-C631DB9143B1}.Debug|Any CPU.ActiveCfg = Debug|Any CPU
		{8D08E0F2-725A-4857-AC90-C631DB9143B1}.Debug|Any CPU.Build.0 = Debug|Any CPU
		{8D08E0F2-725A-4857-AC90-C631DB9143B1}.Debug|x64.ActiveCfg = Debug|Any CPU
		{8D08E0F2-725A-4857-AC90-C631DB9143B1}.Debug|x64.Build.0 = Debug|Any CPU
		{8D08E0F2-725A-4857-AC90-C631DB9143B1}.Debug|x86.ActiveCfg = Debug|Any CPU
		{8D08E0F2-725A-4857-AC90-C631DB9143B1}.Debug|x86.Build.0 = Debug|Any CPU
		{8D08E0F2-725A-4857-AC90-C631DB9143B1}.Release|Any CPU.ActiveCfg = Release|Any CPU
		{8D08E0F2-725A-4857-AC90-C631DB9143B1}.Release|Any CPU.Build.0 = Release|Any CPU
		{8D08E0F2-725A-4857-AC90-C631DB9143B1}.Release|x64.ActiveCfg = Release|Any CPU
		{8D08E0F2-725A-4857-AC90-C631DB9143B1}.Release|x64.Build.0 = Release|Any CPU
		{8D08E0F2-725A-4857-AC90-C631DB9143B1}.Release|x86.ActiveCfg = Release|Any CPU
		{8D08E0F2-725A-4857-AC90-C631DB9143B1}.Release|x86.Build.0 = Release|Any CPU
		{9DEF43BB-BFE3-46AB-BE9E-E2A092243D7E}.Debug|Any CPU.ActiveCfg = Debug|Any CPU
		{9DEF43BB-BFE3-46AB-BE9E-E2A092243D7E}.Debug|Any CPU.Build.0 = Debug|Any CPU
		{9DEF43BB-BFE3-46AB-BE9E-E2A092243D7E}.Debug|x64.ActiveCfg = Debug|Any CPU
		{9DEF43BB-BFE3-46AB-BE9E-E2A092243D7E}.Debug|x64.Build.0 = Debug|Any CPU
		{9DEF43BB-BFE3-46AB-BE9E-E2A092243D7E}.Debug|x86.ActiveCfg = Debug|Any CPU
		{9DEF43BB-BFE3-46AB-BE9E-E2A092243D7E}.Debug|x86.Build.0 = Debug|Any CPU
		{9DEF43BB-BFE3-46AB-BE9E-E2A092243D7E}.Release|Any CPU.ActiveCfg = Release|Any CPU
		{9DEF43BB-BFE3-46AB-BE9E-E2A092243D7E}.Release|Any CPU.Build.0 = Release|Any CPU
		{9DEF43BB-BFE3-46AB-BE9E-E2A092243D7E}.Release|x64.ActiveCfg = Release|Any CPU
		{9DEF43BB-BFE3-46AB-BE9E-E2A092243D7E}.Release|x64.Build.0 = Release|Any CPU
		{9DEF43BB-BFE3-46AB-BE9E-E2A092243D7E}.Release|x86.ActiveCfg = Release|Any CPU
		{9DEF43BB-BFE3-46AB-BE9E-E2A092243D7E}.Release|x86.Build.0 = Release|Any CPU
		{028403CF-062B-4344-A40E-1C7767139264}.Debug|Any CPU.ActiveCfg = Debug|Any CPU
		{028403CF-062B-4344-A40E-1C7767139264}.Debug|Any CPU.Build.0 = Debug|Any CPU
		{028403CF-062B-4344-A40E-1C7767139264}.Debug|x64.ActiveCfg = Debug|Any CPU
		{028403CF-062B-4344-A40E-1C7767139264}.Debug|x64.Build.0 = Debug|Any CPU
		{028403CF-062B-4344-A40E-1C7767139264}.Debug|x86.ActiveCfg = Debug|Any CPU
		{028403CF-062B-4344-A40E-1C7767139264}.Debug|x86.Build.0 = Debug|Any CPU
		{028403CF-062B-4344-A40E-1C7767139264}.Release|Any CPU.ActiveCfg = Release|Any CPU
		{028403CF-062B-4344-A40E-1C7767139264}.Release|Any CPU.Build.0 = Release|Any CPU
		{028403CF-062B-4344-A40E-1C7767139264}.Release|x64.ActiveCfg = Release|Any CPU
		{028403CF-062B-4344-A40E-1C7767139264}.Release|x64.Build.0 = Release|Any CPU
		{028403CF-062B-4344-A40E-1C7767139264}.Release|x86.ActiveCfg = Release|Any CPU
		{028403CF-062B-4344-A40E-1C7767139264}.Release|x86.Build.0 = Release|Any CPU
	EndGlobalSection
	GlobalSection(SolutionProperties) = preSolution
		HideSolutionNode = FALSE
	EndGlobalSection
EndGlobal
